
Microsoft Visual Studio Solution File, Format Version 12.00
# Visual Studio Version 17
VisualStudioVersion = 17.7.34031.279
MinimumVisualStudioVersion = 10.0.40219.1
Project("{FAE04EC0-301F-11D3-BF4B-00C04F79EFBC}") = "KeyBoard_master", "KeyBoard_master\KeyBoard_master.csproj", "{6DB79FC7-F9DB-4A3F-A7A9-F2715AD99875}"
EndProject
Global
	GlobalSection(SolutionConfigurationPlatforms) = preSolution
		Debug|Any CPU = Debug|Any CPU
		Release|Any CPU = Release|Any CPU
	EndGlobalSection
	GlobalSection(ProjectConfigurationPlatforms) = postSolution
		{6DB79FC7-F9DB-4A3F-A7A9-F2715AD99875}.Debug|Any CPU.ActiveCfg = Debug|Any CPU
		{6DB79FC7-F9DB-4A3F-A7A9-F2715AD99875}.Debug|Any CPU.Build.0 = Debug|Any CPU
		{6DB79FC7-F9DB-4A3F-A7A9-F2715AD99875}.Release|Any CPU.ActiveCfg = Release|Any CPU
		{6DB79FC7-F9DB-4A3F-A7A9-F2715AD99875}.Release|Any CPU.Build.0 = Release|Any CPU
	EndGlobalSection
	GlobalSection(SolutionProperties) = preSolution
		HideSolutionNode = FALSE
	EndGlobalSection
	GlobalSection(ExtensibilityGlobals) = postSolution
		SolutionGuid = {BD6EBE8F-5B0E-4B1B-9139-896FA5579723}
	EndGlobalSection
EndGlobal
